
Microsoft Visual Studio Solution File, Format Version 12.00
# Visual Studio Version 17
VisualStudioVersion = 17.0.31903.59
MinimumVisualStudioVersion = 10.0.40219.1
Project("{2150E333-8FDC-42A3-9474-1A3956D46DE8}") = "src", "src", "{D64A2BB9-D66C-4452-9415-EBB39A38E8CC}"
EndProject
Project("{FAE04EC0-301F-11D3-BF4B-00C04F79EFBC}") = "HouseApp.Api", "src\HouseApp.Api\HouseApp.Api.csproj", "{62C6BFA2-6303-404F-8996-C03E0CF8C65E}"
EndProject
Project("{2150E333-8FDC-42A3-9474-1A3956D46DE8}") = "tests", "tests", "{21936C70-59FF-4E0D-BE85-E4ACA24191DD}"
EndProject
Project("{FAE04EC0-301F-11D3-BF4B-00C04F79EFBC}") = "HouseApp.Api.Tests", "tests\HouseApp.Api.Tests\HouseApp.Api.Tests.csproj", "{994F1F8E-1762-412E-84D7-56D16903474D}"
EndProject
Global
	GlobalSection(SolutionConfigurationPlatforms) = preSolution
		Debug|Any CPU = Debug|Any CPU
		Release|Any CPU = Release|Any CPU
	EndGlobalSection
	GlobalSection(SolutionProperties) = preSolution
		HideSolutionNode = FALSE
	EndGlobalSection
	GlobalSection(ProjectConfigurationPlatforms) = postSolution
		{62C6BFA2-6303-404F-8996-C03E0CF8C65E}.Debug|Any CPU.ActiveCfg = Debug|Any CPU
		{62C6BFA2-6303-404F-8996-C03E0CF8C65E}.Debug|Any CPU.Build.0 = Debug|Any CPU
		{62C6BFA2-6303-404F-8996-C03E0CF8C65E}.Release|Any CPU.ActiveCfg = Release|Any CPU
		{62C6BFA2-6303-404F-8996-C03E0CF8C65E}.Release|Any CPU.Build.0 = Release|Any CPU
		{994F1F8E-1762-412E-84D7-56D16903474D}.Debug|Any CPU.ActiveCfg = Debug|Any CPU
		{994F1F8E-1762-412E-84D7-56D16903474D}.Debug|Any CPU.Build.0 = Debug|Any CPU
		{994F1F8E-1762-412E-84D7-56D16903474D}.Release|Any CPU.ActiveCfg = Release|Any CPU
		{994F1F8E-1762-412E-84D7-56D16903474D}.Release|Any CPU.Build.0 = Release|Any CPU
	EndGlobalSection
	GlobalSection(NestedProjects) = preSolution
		{62C6BFA2-6303-404F-8996-C03E0CF8C65E} = {D64A2BB9-D66C-4452-9415-EBB39A38E8CC}
		{994F1F8E-1762-412E-84D7-56D16903474D} = {21936C70-59FF-4E0D-BE85-E4ACA24191DD}
	EndGlobalSection
EndGlobal
